
Microsoft Visual Studio Solution File, Format Version 12.00
# Visual Studio 15
VisualStudioVersion = 15.0.28307.438
MinimumVisualStudioVersion = 10.0.40219.1
Project("{FAE04EC0-301F-11D3-BF4B-00C04F79EFBC}") = "SportsStore", "SportsStore\SportsStore.csproj", "{FAD7096F-4805-491A-A194-E4B7C8975EC5}"
EndProject
Project("{FAE04EC0-301F-11D3-BF4B-00C04F79EFBC}") = "SportsStore.Tests", "SportsStore.Tests\SportsStore.Tests.csproj", "{533A9570-844B-4726-AD09-97547E123970}"
EndProject
Global
	GlobalSection(SolutionConfigurationPlatforms) = preSolution
		Debug|Any CPU = Debug|Any CPU
		Release|Any CPU = Release|Any CPU
	EndGlobalSection
	GlobalSection(ProjectConfigurationPlatforms) = postSolution
		{FAD7096F-4805-491A-A194-E4B7C8975EC5}.Debug|Any CPU.ActiveCfg = Debug|Any CPU
		{FAD7096F-4805-491A-A194-E4B7C8975EC5}.Debug|Any CPU.Build.0 = Debug|Any CPU
		{FAD7096F-4805-491A-A194-E4B7C8975EC5}.Release|Any CPU.ActiveCfg = Release|Any CPU
		{FAD7096F-4805-491A-A194-E4B7C8975EC5}.Release|Any CPU.Build.0 = Release|Any CPU
		{533A9570-844B-4726-AD09-97547E123970}.Debug|Any CPU.ActiveCfg = Debug|Any CPU
		{533A9570-844B-4726-AD09-97547E123970}.Debug|Any CPU.Build.0 = Debug|Any CPU
		{533A9570-844B-4726-AD09-97547E123970}.Release|Any CPU.ActiveCfg = Release|Any CPU
		{533A9570-844B-4726-AD09-97547E123970}.Release|Any CPU.Build.0 = Release|Any CPU
	EndGlobalSection
	GlobalSection(SolutionProperties) = preSolution
		HideSolutionNode = FALSE
	EndGlobalSection
	GlobalSection(ExtensibilityGlobals) = postSolution
		SolutionGuid = {288807E7-2A66-4968-89ED-6424FACF6665}
	EndGlobalSection
EndGlobal
